
Microsoft Visual Studio Solution File, Format Version 12.00
# Visual Studio Version 16
VisualStudioVersion = 16.0.30517.126
MinimumVisualStudioVersion = 10.0.40219.1
Project("{FAE04EC0-301F-11D3-BF4B-00C04F79EFBC}") = "SantaGame", "SantaGame\SantaGame.csproj", "{9B0D2554-18AA-4457-A5A2-58117950F2FF}"
EndProject
Global
	GlobalSection(SolutionConfigurationPlatforms) = preSolution
		Debug|Any CPU = Debug|Any CPU
		Release|Any CPU = Release|Any CPU
	EndGlobalSection
	GlobalSection(ProjectConfigurationPlatforms) = postSolution
		{9B0D2554-18AA-4457-A5A2-58117950F2FF}.Debug|Any CPU.ActiveCfg = Debug|Any CPU
		{9B0D2554-18AA-4457-A5A2-58117950F2FF}.Debug|Any CPU.Build.0 = Debug|Any CPU
		{9B0D2554-18AA-4457-A5A2-58117950F2FF}.Release|Any CPU.ActiveCfg = Release|Any CPU
		{9B0D2554-18AA-4457-A5A2-58117950F2FF}.Release|Any CPU.Build.0 = Release|Any CPU
	EndGlobalSection
	GlobalSection(SolutionProperties) = preSolution
		HideSolutionNode = FALSE
	EndGlobalSection
	GlobalSection(ExtensibilityGlobals) = postSolution
		SolutionGuid = {A51B4D5E-426D-4950-A880-E496733CE85E}
	EndGlobalSection
EndGlobal
